
Microsoft Visual Studio Solution File, Format Version 12.00
# Visual Studio Version 17
VisualStudioVersion = 17.8.34330.188
MinimumVisualStudioVersion = 10.0.40219.1
Project("{FAE04EC0-301F-11D3-BF4B-00C04F79EFBC}") = "ProgramTest1", "ProgramTest1\ProgramTest1.csproj", "{A3083CD0-A823-4CA5-9A40-F7D6E571371B}"
EndProject
Global
	GlobalSection(SolutionConfigurationPlatforms) = preSolution
		Debug|Any CPU = Debug|Any CPU
		Release|Any CPU = Release|Any CPU
	EndGlobalSection
	GlobalSection(ProjectConfigurationPlatforms) = postSolution
		{A3083CD0-A823-4CA5-9A40-F7D6E571371B}.Debug|Any CPU.ActiveCfg = Debug|Any CPU
		{A3083CD0-A823-4CA5-9A40-F7D6E571371B}.Debug|Any CPU.Build.0 = Debug|Any CPU
		{A3083CD0-A823-4CA5-9A40-F7D6E571371B}.Release|Any CPU.ActiveCfg = Release|Any CPU
		{A3083CD0-A823-4CA5-9A40-F7D6E571371B}.Release|Any CPU.Build.0 = Release|Any CPU
	EndGlobalSection
	GlobalSection(SolutionProperties) = preSolution
		HideSolutionNode = FALSE
	EndGlobalSection
	GlobalSection(ExtensibilityGlobals) = postSolution
		SolutionGuid = {F1E883EB-F5F2-433F-ABA3-6F0494AD15E3}
	EndGlobalSection
EndGlobal
